
Microsoft Visual Studio Solution File, Format Version 12.00
# Visual Studio Version 16
VisualStudioVersion = 16.0.29806.167
MinimumVisualStudioVersion = 15.0.26124.0
Project("{2150E333-8FDC-42A3-9474-1A3956D46DE8}") = "src", "src", "{547140AC-5C23-422F-A907-9DDCB3E433C8}"
EndProject
Project("{9A19103F-16F7-4668-BE54-9A1E7A4F7556}") = "CommandLineInterface", "src\CommandLineInterface\CommandLineInterface.csproj", "{9D9B63D7-6FD0-4DF6-A4EE-6814BF292B3C}"
EndProject
Project("{9A19103F-16F7-4668-BE54-9A1E7A4F7556}") = "Core", "src\Core\Core.csproj", "{21B46BA4-1D3B-4939-837E-97040382B2C0}"
EndProject
Project("{9A19103F-16F7-4668-BE54-9A1E7A4F7556}") = "MSBuild.Tasks", "src\MSBuild.Tasks\MSBuild.Tasks.csproj", "{952D4792-17D5-4D2A-B4A0-CDF6DB4D3DDD}"
EndProject
Project("{FAE04EC0-301F-11D3-BF4B-00C04F79EFBC}") = "Annotation", "src\Annotation\Annotation.csproj", "{B16E3718-4710-4B35-9312-4F5483F01F70}"
EndProject
Project("{2150E333-8FDC-42A3-9474-1A3956D46DE8}") = "tests", "tests", "{AC39D26D-05FF-4318-80CA-E9A476CC29AA}"
EndProject
Project("{9A19103F-16F7-4668-BE54-9A1E7A4F7556}") = "ComplexTestClasses", "tests\ComplexTestClasses\ComplexTestClasses.csproj", "{C33B8C34-FA43-40EA-8A9E-82A1E2AB5D96}"
EndProject
Project("{9A19103F-16F7-4668-BE54-9A1E7A4F7556}") = "CompoundTestClasses", "tests\CompoundTestClasses\CompoundTestClasses.csproj", "{6BB5B29D-91A9-4FEF-919C-4150655BCA28}"
EndProject
Project("{9A19103F-16F7-4668-BE54-9A1E7A4F7556}") = "Core.Test", "tests\Core.Test\Core.Test.csproj", "{73E4ACC4-1AFD-475A-9378-7E49D8592F5D}"
EndProject
Project("{9A19103F-16F7-4668-BE54-9A1E7A4F7556}") = "IrrelevantTestClasses", "tests\IrrelevantTestClasses\IrrelevantTestClasses.csproj", "{3D426A4F-1065-4191-A102-32E691B35B97}"
EndProject
Project("{9A19103F-16F7-4668-BE54-9A1E7A4F7556}") = "SimpleTestClasses", "tests\SimpleTestClasses\SimpleTestClasses.csproj", "{7A697277-EC03-43F7-9E5D-36B29D469D03}"
EndProject
Global
	GlobalSection(SolutionConfigurationPlatforms) = preSolution
		Debug|Any CPU = Debug|Any CPU
		Debug|x64 = Debug|x64
		Debug|x86 = Debug|x86
		Release|Any CPU = Release|Any CPU
		Release|x64 = Release|x64
		Release|x86 = Release|x86
	EndGlobalSection
	GlobalSection(ProjectConfigurationPlatforms) = postSolution
		{9D9B63D7-6FD0-4DF6-A4EE-6814BF292B3C}.Debug|Any CPU.ActiveCfg = Debug|Any CPU
		{9D9B63D7-6FD0-4DF6-A4EE-6814BF292B3C}.Debug|Any CPU.Build.0 = Debug|Any CPU
		{9D9B63D7-6FD0-4DF6-A4EE-6814BF292B3C}.Debug|x64.ActiveCfg = Debug|Any CPU
		{9D9B63D7-6FD0-4DF6-A4EE-6814BF292B3C}.Debug|x64.Build.0 = Debug|Any CPU
		{9D9B63D7-6FD0-4DF6-A4EE-6814BF292B3C}.Debug|x86.ActiveCfg = Debug|Any CPU
		{9D9B63D7-6FD0-4DF6-A4EE-6814BF292B3C}.Debug|x86.Build.0 = Debug|Any CPU
		{9D9B63D7-6FD0-4DF6-A4EE-6814BF292B3C}.Release|Any CPU.ActiveCfg = Release|Any CPU
		{9D9B63D7-6FD0-4DF6-A4EE-6814BF292B3C}.Release|Any CPU.Build.0 = Release|Any CPU
		{9D9B63D7-6FD0-4DF6-A4EE-6814BF292B3C}.Release|x64.ActiveCfg = Release|Any CPU
		{9D9B63D7-6FD0-4DF6-A4EE-6814BF292B3C}.Release|x64.Build.0 = Release|Any CPU
		{9D9B63D7-6FD0-4DF6-A4EE-6814BF292B3C}.Release|x86.ActiveCfg = Release|Any CPU
		{9D9B63D7-6FD0-4DF6-A4EE-6814BF292B3C}.Release|x86.Build.0 = Release|Any CPU
		{21B46BA4-1D3B-4939-837E-97040382B2C0}.Debug|Any CPU.ActiveCfg = Debug|Any CPU
		{21B46BA4-1D3B-4939-837E-97040382B2C0}.Debug|Any CPU.Build.0 = Debug|Any CPU
		{21B46BA4-1D3B-4939-837E-97040382B2C0}.Debug|x64.ActiveCfg = Debug|Any CPU
		{21B46BA4-1D3B-4939-837E-97040382B2C0}.Debug|x64.Build.0 = Debug|Any CPU
		{21B46BA4-1D3B-4939-837E-97040382B2C0}.Debug|x86.ActiveCfg = Debug|Any CPU
		{21B46BA4-1D3B-4939-837E-97040382B2C0}.Debug|x86.Build.0 = Debug|Any CPU
		{21B46BA4-1D3B-4939-837E-97040382B2C0}.Release|Any CPU.ActiveCfg = Release|Any CPU
		{21B46BA4-1D3B-4939-837E-97040382B2C0}.Release|Any CPU.Build.0 = Release|Any CPU
		{21B46BA4-1D3B-4939-837E-97040382B2C0}.Release|x64.ActiveCfg = Release|Any CPU
		{21B46BA4-1D3B-4939-837E-97040382B2C0}.Release|x64.Build.0 = Release|Any CPU
		{21B46BA4-1D3B-4939-837E-97040382B2C0}.Release|x86.ActiveCfg = Release|Any CPU
		{21B46BA4-1D3B-4939-837E-97040382B2C0}.Release|x86.Build.0 = Release|Any CPU
		{952D4792-17D5-4D2A-B4A0-CDF6DB4D3DDD}.Debug|Any CPU.ActiveCfg = Debug|Any CPU
		{952D4792-17D5-4D2A-B4A0-CDF6DB4D3DDD}.Debug|Any CPU.Build.0 = Debug|Any CPU
		{952D4792-17D5-4D2A-B4A0-CDF6DB4D3DDD}.Debug|x64.ActiveCfg = Debug|Any CPU
		{952D4792-17D5-4D2A-B4A0-CDF6DB4D3DDD}.Debug|x64.Build.0 = Debug|Any CPU
		{952D4792-17D5-4D2A-B4A0-CDF6DB4D3DDD}.Debug|x86.ActiveCfg = Debug|Any CPU
		{952D4792-17D5-4D2A-B4A0-CDF6DB4D3DDD}.Debug|x86.Build.0 = Debug|Any CPU
		{952D4792-17D5-4D2A-B4A0-CDF6DB4D3DDD}.Release|Any CPU.ActiveCfg = Release|Any CPU
		{952D4792-17D5-4D2A-B4A0-CDF6DB4D3DDD}.Release|Any CPU.Build.0 = Release|Any CPU
		{952D4792-17D5-4D2A-B4A0-CDF6DB4D3DDD}.Release|x64.ActiveCfg = Release|Any CPU
		{952D4792-17D5-4D2A-B4A0-CDF6DB4D3DDD}.Release|x64.Build.0 = Release|Any CPU
		{952D4792-17D5-4D2A-B4A0-CDF6DB4D3DDD}.Release|x86.ActiveCfg = Release|Any CPU
		{952D4792-17D5-4D2A-B4A0-CDF6DB4D3DDD}.Release|x86.Build.0 = Release|Any CPU
		{C33B8C34-FA43-40EA-8A9E-82A1E2AB5D96}.Debug|Any CPU.ActiveCfg = Debug|Any CPU
		{C33B8C34-FA43-40EA-8A9E-82A1E2AB5D96}.Debug|Any CPU.Build.0 = Debug|Any CPU
		{C33B8C34-FA43-40EA-8A9E-82A1E2AB5D96}.Debug|x64.ActiveCfg = Debug|Any CPU
		{C33B8C34-FA43-40EA-8A9E-82A1E2AB5D96}.Debug|x64.Build.0 = Debug|Any CPU
		{C33B8C34-FA43-40EA-8A9E-82A1E2AB5D96}.Debug|x86.ActiveCfg = Debug|Any CPU
		{C33B8C34-FA43-40EA-8A9E-82A1E2AB5D96}.Debug|x86.Build.0 = Debug|Any CPU
		{C33B8C34-FA43-40EA-8A9E-82A1E2AB5D96}.Release|Any CPU.ActiveCfg = Release|Any CPU
		{C33B8C34-FA43-40EA-8A9E-82A1E2AB5D96}.Release|Any CPU.Build.0 = Release|Any CPU
		{C33B8C34-FA43-40EA-8A9E-82A1E2AB5D96}.Release|x64.ActiveCfg = Release|Any CPU
		{C33B8C34-FA43-40EA-8A9E-82A1E2AB5D96}.Release|x64.Build.0 = Release|Any CPU
		{C33B8C34-FA43-40EA-8A9E-82A1E2AB5D96}.Release|x86.ActiveCfg = Release|Any CPU
		{C33B8C34-FA43-40EA-8A9E-82A1E2AB5D96}.Release|x86.Build.0 = Release|Any CPU
		{6BB5B29D-91A9-4FEF-919C-4150655BCA28}.Debug|Any CPU.ActiveCfg = Debug|Any CPU
		{6BB5B29D-91A9-4FEF-919C-4150655BCA28}.Debug|Any CPU.Build.0 = Debug|Any CPU
		{6BB5B29D-91A9-4FEF-919C-4150655BCA28}.Debug|x64.ActiveCfg = Debug|Any CPU
		{6BB5B29D-91A9-4FEF-919C-4150655BCA28}.Debug|x64.Build.0 = Debug|Any CPU
		{6BB5B29D-91A9-4FEF-919C-4150655BCA28}.Debug|x86.ActiveCfg = Debug|Any CPU
		{6BB5B29D-91A9-4FEF-919C-4150655BCA28}.Debug|x86.Build.0 = Debug|Any CPU
		{6BB5B29D-91A9-4FEF-919C-4150655BCA28}.Release|Any CPU.ActiveCfg = Release|Any CPU
		{6BB5B29D-91A9-4FEF-919C-4150655BCA28}.Release|Any CPU.Build.0 = Release|Any CPU
		{6BB5B29D-91A9-4FEF-919C-4150655BCA28}.Release|x64.ActiveCfg = Release|Any CPU
		{6BB5B29D-91A9-4FEF-919C-4150655BCA28}.Release|x64.Build.0 = Release|Any CPU
		{6BB5B29D-91A9-4FEF-919C-4150655BCA28}.Release|x86.ActiveCfg = Release|Any CPU
		{6BB5B29D-91A9-4FEF-919C-4150655BCA28}.Release|x86.Build.0 = Release|Any CPU
		{73E4ACC4-1AFD-475A-9378-7E49D8592F5D}.Debug|Any CPU.ActiveCfg = Debug|Any CPU
		{73E4ACC4-1AFD-475A-9378-7E49D8592F5D}.Debug|Any CPU.Build.0 = Debug|Any CPU
		{73E4ACC4-1AFD-475A-9378-7E49D8592F5D}.Debug|x64.ActiveCfg = Debug|Any CPU
		{73E4ACC4-1AFD-475A-9378-7E49D8592F5D}.Debug|x64.Build.0 = Debug|Any CPU
		{73E4ACC4-1AFD-475A-9378-7E49D8592F5D}.Debug|x86.ActiveCfg = Debug|Any CPU
		{73E4ACC4-1AFD-475A-9378-7E49D8592F5D}.Debug|x86.Build.0 = Debug|Any CPU
		{73E4ACC4-1AFD-475A-9378-7E49D8592F5D}.Release|Any CPU.ActiveCfg = Release|Any CPU
		{73E4ACC4-1AFD-475A-9378-7E49D8592F5D}.Release|Any CPU.Build.0 = Release|Any CPU
		{73E4ACC4-1AFD-475A-9378-7E49D8592F5D}.Release|x64.ActiveCfg = Release|Any CPU
		{73E4ACC4-1AFD-475A-9378-7E49D8592F5D}.Release|x64.Build.0 = Release|Any CPU
		{73E4ACC4-1AFD-475A-9378-7E49D8592F5D}.Release|x86.ActiveCfg = Release|Any CPU
		{73E4ACC4-1AFD-475A-9378-7E49D8592F5D}.Release|x86.Build.0 = Release|Any CPU
		{3D426A4F-1065-4191-A102-32E691B35B97}.Debug|Any CPU.ActiveCfg = Debug|Any CPU
		{3D426A4F-1065-4191-A102-32E691B35B97}.Debug|Any CPU.Build.0 = Debug|Any CPU
		{3D426A4F-1065-4191-A102-32E691B35B97}.Debug|x64.ActiveCfg = Debug|Any CPU
		{3D426A4F-1065-4191-A102-32E691B35B97}.Debug|x64.Build.0 = Debug|Any CPU
		{3D426A4F-1065-4191-A102-32E691B35B97}.Debug|x86.ActiveCfg = Debug|Any CPU
		{3D426A4F-1065-4191-A102-32E691B35B97}.Debug|x86.Build.0 = Debug|Any CPU
		{3D426A4F-1065-4191-A102-32E691B35B97}.Release|Any CPU.ActiveCfg = Release|Any CPU
		{3D426A4F-1065-4191-A102-32E691B35B97}.Release|Any CPU.Build.0 = Release|Any CPU
		{3D426A4F-1065-4191-A102-32E691B35B97}.Release|x64.ActiveCfg = Release|Any CPU
		{3D426A4F-1065-4191-A102-32E691B35B97}.Release|x64.Build.0 = Release|Any CPU
		{3D426A4F-1065-4191-A102-32E691B35B97}.Release|x86.ActiveCfg = Release|Any CPU
		{3D426A4F-1065-4191-A102-32E691B35B97}.Release|x86.Build.0 = Release|Any CPU
		{7A697277-EC03-43F7-9E5D-36B29D469D03}.Debug|Any CPU.ActiveCfg = Debug|Any CPU
		{7A697277-EC03-43F7-9E5D-36B29D469D03}.Debug|Any CPU.Build.0 = Debug|Any CPU
		{7A697277-EC03-43F7-9E5D-36B29D469D03}.Debug|x64.ActiveCfg = Debug|Any CPU
		{7A697277-EC03-43F7-9E5D-36B29D469D03}.Debug|x64.Build.0 = Debug|Any CPU
		{7A697277-EC03-43F7-9E5D-36B29D469D03}.Debug|x86.ActiveCfg = Debug|Any CPU
		{7A697277-EC03-43F7-9E5D-36B29D469D03}.Debug|x86.Build.0 = Debug|Any CPU
		{7A697277-EC03-43F7-9E5D-36B29D469D03}.Release|Any CPU.ActiveCfg = Release|Any CPU
		{7A697277-EC03-43F7-9E5D-36B29D469D03}.Release|Any CPU.Build.0 = Release|Any CPU
		{7A697277-EC03-43F7-9E5D-36B29D469D03}.Release|x64.ActiveCfg = Release|Any CPU
		{7A697277-EC03-43F7-9E5D-36B29D469D03}.Release|x64.Build.0 = Release|Any CPU
		{7A697277-EC03-43F7-9E5D-36B29D469D03}.Release|x86.ActiveCfg = Release|Any CPU
		{7A697277-EC03-43F7-9E5D-36B29D469D03}.Release|x86.Build.0 = Release|Any CPU
		{B16E3718-4710-4B35-9312-4F5483F01F70}.Debug|Any CPU.ActiveCfg = Debug|Any CPU
		{B16E3718-4710-4B35-9312-4F5483F01F70}.Debug|Any CPU.Build.0 = Debug|Any CPU
		{B16E3718-4710-4B35-9312-4F5483F01F70}.Debug|x64.ActiveCfg = Debug|Any CPU
		{B16E3718-4710-4B35-9312-4F5483F01F70}.Debug|x64.Build.0 = Debug|Any CPU
		{B16E3718-4710-4B35-9312-4F5483F01F70}.Debug|x86.ActiveCfg = Debug|Any CPU
		{B16E3718-4710-4B35-9312-4F5483F01F70}.Debug|x86.Build.0 = Debug|Any CPU
		{B16E3718-4710-4B35-9312-4F5483F01F70}.Release|Any CPU.ActiveCfg = Release|Any CPU
		{B16E3718-4710-4B35-9312-4F5483F01F70}.Release|Any CPU.Build.0 = Release|Any CPU
		{B16E3718-4710-4B35-9312-4F5483F01F70}.Release|x64.ActiveCfg = Release|Any CPU
		{B16E3718-4710-4B35-9312-4F5483F01F70}.Release|x64.Build.0 = Release|Any CPU
		{B16E3718-4710-4B35-9312-4F5483F01F70}.Release|x86.ActiveCfg = Release|Any CPU
		{B16E3718-4710-4B35-9312-4F5483F01F70}.Release|x86.Build.0 = Release|Any CPU
	EndGlobalSection
	GlobalSection(SolutionProperties) = preSolution
		HideSolutionNode = FALSE
	EndGlobalSection
	GlobalSection(NestedProjects) = preSolution
		{9D9B63D7-6FD0-4DF6-A4EE-6814BF292B3C} = {547140AC-5C23-422F-A907-9DDCB3E433C8}
		{21B46BA4-1D3B-4939-837E-97040382B2C0} = {547140AC-5C23-422F-A907-9DDCB3E433C8}
		{952D4792-17D5-4D2A-B4A0-CDF6DB4D3DDD} = {547140AC-5C23-422F-A907-9DDCB3E433C8}
		{C33B8C34-FA43-40EA-8A9E-82A1E2AB5D96} = {AC39D26D-05FF-4318-80CA-E9A476CC29AA}
		{6BB5B29D-91A9-4FEF-919C-4150655BCA28} = {AC39D26D-05FF-4318-80CA-E9A476CC29AA}
		{73E4ACC4-1AFD-475A-9378-7E49D8592F5D} = {AC39D26D-05FF-4318-80CA-E9A476CC29AA}
		{3D426A4F-1065-4191-A102-32E691B35B97} = {AC39D26D-05FF-4318-80CA-E9A476CC29AA}
		{7A697277-EC03-43F7-9E5D-36B29D469D03} = {AC39D26D-05FF-4318-80CA-E9A476CC29AA}
		{B16E3718-4710-4B35-9312-4F5483F01F70} = {547140AC-5C23-422F-A907-9DDCB3E433C8}
	EndGlobalSection
	GlobalSection(ExtensibilityGlobals) = postSolution
		SolutionGuid = {BD1010FD-E851-45E8-888B-7F8C2A2FAA35}
	EndGlobalSection
EndGlobal
